<?xml version="1.0" encoding="utf-8"?>
<Project ToolsVersion="4.0" xmlns="http://schemas.microsoft.com/developer/msbuild/2003">
  <ItemGroup>
    <Filter Include="Source Files">
      <UniqueIdentifier>{4FC737F1-C7A5-4376-A066-2A32D752A2FF}</UniqueIdentifier>
      <Extensions>cpp;c;cc;cxx;def;odl;idl;hpj;bat;asm;asmx</Extensions>
    </Filter>
    <Filter Include="Header Files">
      <UniqueIdentifier>{93995380-89BD-4b04-88EB-625FBE52EBFB}</UniqueIdentifier>
      <Extensions>h;hh;hpp;hxx;hm;inl;inc;xsd</Extensions>
    </Filter>
    <Filter Include="Resource Files">
      <UniqueIdentifier>{67DA6AB6-F800-4c08-8B7A-83BB121AAD01}</UniqueIdentifier>
      <Extensions>rc;ico;cur;bmp;dlg;rc2;rct;bin;rgs;gif;jpg;jpeg;jpe;resx;tiff;tif;png;wav;mfcribbon-ms</Extensions>
    </Filter>
    <Filter Include="API Hooking">
      <UniqueIdentifier>{b74e4dc4-0221-4173-81d0-b13d070a69fc}</UniqueIdentifier>
    </Filter>
    <Filter Include="Source Files\API Hooking">
      <UniqueIdentifier>{fb74890d-0e9d-4e3b-aac8-58404062ba09}</UniqueIdentifier>
    </Filter>
  </ItemGroup>
  <ItemGroup>
    <ClCompile Include="HeaderTypes.cpp">
      <Filter>Source Files</Filter>
    </ClCompile>
    <ClCompile Include="Streamer.cpp">
      <Filter>Source Files</Filter>
    </ClCompile>
    <ClCompile Include="OverwrittenFunctions.cpp">
      <Filter>Source Files</Filter>
    </ClCompile>
    <ClCompile Include="Buffer.cpp">
      <Filter>Source Files</Filter>
    </ClCompile>
    <ClCompile Include="NamedPipe.cpp">
      <Filter>Source Files</Filter>
    </ClCompile>
    <ClCompile Include="NamedPipeServer.cpp">
      <Filter>Source Files</Filter>
    </ClCompile>
    <ClCompile Include="CaptureEngine.cpp">
      <Filter>Source Files</Filter>
    </ClCompile>
    <ClCompile Include="Globals.cpp">
      <Filter>Source Files</Filter>
    </ClCompile>
    <ClCompile Include="APIHook.cpp">
      <Filter>Source Files\API Hooking</Filter>
    </ClCompile>
  </ItemGroup>
  <ItemGroup>
    <ClInclude Include="HeaderTypes.h">
      <Filter>Header Files</Filter>
    </ClInclude>
    <ClInclude Include="Streamer.h">
      <Filter>Header Files</Filter>
    </ClInclude>
    <ClInclude Include="Writer.h">
      <Filter>Header Files</Filter>
    </ClInclude>
    <ClInclude Include="Buffer.h">
      <Filter>Header Files</Filter>
    </ClInclude>
    <ClInclude Include="SeqAck.h">
      <Filter>Header Files</Filter>
    </ClInclude>
    <ClInclude Include="NamedPipe.h">
      <Filter>Header Files</Filter>
    </ClInclude>
    <ClInclude Include="NamedPipeServer.h">
      <Filter>Header Files</Filter>
    </ClInclude>
    <ClInclude Include="SmartHandle.h">
      <Filter>Header Files</Filter>
    </ClInclude>
    <ClInclude Include="CaptureEngine.h">
      <Filter>Header Files</Filter>
    </ClInclude>
    <ClInclude Include="Globals.h">
      <Filter>Header Files</Filter>
    </ClInclude>
    <ClInclude Include="CommonFiles\Toolhelp.h">
      <Filter>Header Files</Filter>
    </ClInclude>
    <ClInclude Include="APIHook.h">
      <Filter>API Hooking</Filter>
    </ClInclude>
    <ClInclude Include="CommonFiles\CmnHdr.h">
      <Filter>API Hooking</Filter>
    </ClInclude>
  </ItemGroup>
</Project>